
Microsoft Visual Studio Solution File, Format Version 12.00
# Visual Studio Version 17
VisualStudioVersion = 17.3.32901.215
MinimumVisualStudioVersion = 10.0.40219.1
Project("{FAE04EC0-301F-11D3-BF4B-00C04F79EFBC}") = "TaskBoardApp", "TaskBoardApp\TaskBoardApp.csproj", "{A58F16BC-7CF6-4BC3-9C65-150DD4CB3352}"
EndProject
Global
	GlobalSection(SolutionConfigurationPlatforms) = preSolution
		Debug|Any CPU = Debug|Any CPU
		Release|Any CPU = Release|Any CPU
	EndGlobalSection
	GlobalSection(ProjectConfigurationPlatforms) = postSolution
		{A58F16BC-7CF6-4BC3-9C65-150DD4CB3352}.Debug|Any CPU.ActiveCfg = Debug|Any CPU
		{A58F16BC-7CF6-4BC3-9C65-150DD4CB3352}.Debug|Any CPU.Build.0 = Debug|Any CPU
		{A58F16BC-7CF6-4BC3-9C65-150DD4CB3352}.Release|Any CPU.ActiveCfg = Release|Any CPU
		{A58F16BC-7CF6-4BC3-9C65-150DD4CB3352}.Release|Any CPU.Build.0 = Release|Any CPU
	EndGlobalSection
	GlobalSection(SolutionProperties) = preSolution
		HideSolutionNode = FALSE
	EndGlobalSection
	GlobalSection(ExtensibilityGlobals) = postSolution
		SolutionGuid = {C5FD7673-EE84-4E79-958E-E4B611FE45CE}
	EndGlobalSection
EndGlobal
