
Microsoft Visual Studio Solution File, Format Version 12.00
# Visual Studio Version 16
VisualStudioVersion = 16.0.30907.101
MinimumVisualStudioVersion = 10.0.40219.1
Project("{9A19103F-16F7-4668-BE54-9A1E7A4F7556}") = "01.ConvertMetersToKilometers", "01ConvertMetersToKilometers\01.ConvertMetersToKilometers.csproj", "{D9513448-AAA7-470C-858F-F787A64EDC07}"
EndProject
Project("{FAE04EC0-301F-11D3-BF4B-00C04F79EFBC}") = "02.PoundsToDollars", "02.PoundsToDollars\02.PoundsToDollars.csproj", "{078095CE-FB22-43AC-A828-AB41A987739D}"
EndProject
Project("{FAE04EC0-301F-11D3-BF4B-00C04F79EFBC}") = "03.ExactSumOfRealNumbers", "03.ExactSumOfRealNumbers\03.ExactSumOfRealNumbers.csproj", "{5EBA1026-0878-4CBC-B344-8E20FCE6B9D3}"
EndProject
Project("{FAE04EC0-301F-11D3-BF4B-00C04F79EFBC}") = "04.CenturiesToMinutes", "04.CenturiesToMinutes\04.CenturiesToMinutes.csproj", "{CCAC7EF4-0852-431A-A4D4-859D3B011FD5}"
EndProject
Project("{FAE04EC0-301F-11D3-BF4B-00C04F79EFBC}") = "05.SpecialNumbers", "05.SpecialNumbers\05.SpecialNumbers.csproj", "{2184B42F-6315-4ED6-B8DD-A9C9B12B8E3B}"
EndProject
Project("{FAE04EC0-301F-11D3-BF4B-00C04F79EFBC}") = "06.ReversedChars", "06.ReversedChars\06.ReversedChars.csproj", "{BA6C0857-70C3-408C-86AC-5A373813FE6B}"
EndProject
Project("{FAE04EC0-301F-11D3-BF4B-00C04F79EFBC}") = "07.ConcatNames", "07.ConcatNames\07.ConcatNames.csproj", "{2FA5C4DE-A61B-42C4-BD83-966BB22A0B57}"
EndProject
Project("{FAE04EC0-301F-11D3-BF4B-00C04F79EFBC}") = "08.TownInfo", "08.TownInfo\08.TownInfo.csproj", "{0B84E7C2-5C60-412C-8605-246094C036C6}"
EndProject
Project("{FAE04EC0-301F-11D3-BF4B-00C04F79EFBC}") = "09.CharsToString", "09.CharsToString\09.CharsToString.csproj", "{D2A3C960-36E6-494C-BDB4-C1970B2E6330}"
EndProject
Project("{FAE04EC0-301F-11D3-BF4B-00C04F79EFBC}") = "10.LowerOrUpper", "10.LowerOrUpper\10.LowerOrUpper.csproj", "{86AF3EFC-A673-4FDA-8414-F4EA5FD73999}"
EndProject
Project("{FAE04EC0-301F-11D3-BF4B-00C04F79EFBC}") = "11.RefactorVolumeOfPyramid", "11.RefactorVolumeOfPyramid\11.RefactorVolumeOfPyramid.csproj", "{A49F1AB8-7E92-4E66-A2E9-7A0130BCB4A3}"
EndProject
Project("{FAE04EC0-301F-11D3-BF4B-00C04F79EFBC}") = "12.RefactorSpecialNumbers", "12.RefactorSpecialNumbers\12.RefactorSpecialNumbers.csproj", "{47A1A80F-BD74-494C-B473-418D1C75E6A5}"
EndProject
Global
	GlobalSection(SolutionConfigurationPlatforms) = preSolution
		Debug|Any CPU = Debug|Any CPU
		Release|Any CPU = Release|Any CPU
	EndGlobalSection
	GlobalSection(ProjectConfigurationPlatforms) = postSolution
		{D9513448-AAA7-470C-858F-F787A64EDC07}.Debug|Any CPU.ActiveCfg = Debug|Any CPU
		{D9513448-AAA7-470C-858F-F787A64EDC07}.Debug|Any CPU.Build.0 = Debug|Any CPU
		{D9513448-AAA7-470C-858F-F787A64EDC07}.Release|Any CPU.ActiveCfg = Release|Any CPU
		{D9513448-AAA7-470C-858F-F787A64EDC07}.Release|Any CPU.Build.0 = Release|Any CPU
		{078095CE-FB22-43AC-A828-AB41A987739D}.Debug|Any CPU.ActiveCfg = Debug|Any CPU
		{078095CE-FB22-43AC-A828-AB41A987739D}.Debug|Any CPU.Build.0 = Debug|Any CPU
		{078095CE-FB22-43AC-A828-AB41A987739D}.Release|Any CPU.ActiveCfg = Release|Any CPU
		{078095CE-FB22-43AC-A828-AB41A987739D}.Release|Any CPU.Build.0 = Release|Any CPU
		{5EBA1026-0878-4CBC-B344-8E20FCE6B9D3}.Debug|Any CPU.ActiveCfg = Debug|Any CPU
		{5EBA1026-0878-4CBC-B344-8E20FCE6B9D3}.Debug|Any CPU.Build.0 = Debug|Any CPU
		{5EBA1026-0878-4CBC-B344-8E20FCE6B9D3}.Release|Any CPU.ActiveCfg = Release|Any CPU
		{5EBA1026-0878-4CBC-B344-8E20FCE6B9D3}.Release|Any CPU.Build.0 = Release|Any CPU
		{CCAC7EF4-0852-431A-A4D4-859D3B011FD5}.Debug|Any CPU.ActiveCfg = Debug|Any CPU
		{CCAC7EF4-0852-431A-A4D4-859D3B011FD5}.Debug|Any CPU.Build.0 = Debug|Any CPU
		{CCAC7EF4-0852-431A-A4D4-859D3B011FD5}.Release|Any CPU.ActiveCfg = Release|Any CPU
		{CCAC7EF4-0852-431A-A4D4-859D3B011FD5}.Release|Any CPU.Build.0 = Release|Any CPU
		{2184B42F-6315-4ED6-B8DD-A9C9B12B8E3B}.Debug|Any CPU.ActiveCfg = Debug|Any CPU
		{2184B42F-6315-4ED6-B8DD-A9C9B12B8E3B}.Debug|Any CPU.Build.0 = Debug|Any CPU
		{2184B42F-6315-4ED6-B8DD-A9C9B12B8E3B}.Release|Any CPU.ActiveCfg = Release|Any CPU
		{2184B42F-6315-4ED6-B8DD-A9C9B12B8E3B}.Release|Any CPU.Build.0 = Release|Any CPU
		{BA6C0857-70C3-408C-86AC-5A373813FE6B}.Debug|Any CPU.ActiveCfg = Debug|Any CPU
		{BA6C0857-70C3-408C-86AC-5A373813FE6B}.Debug|Any CPU.Build.0 = Debug|Any CPU
		{BA6C0857-70C3-408C-86AC-5A373813FE6B}.Release|Any CPU.ActiveCfg = Release|Any CPU
		{BA6C0857-70C3-408C-86AC-5A373813FE6B}.Release|Any CPU.Build.0 = Release|Any CPU
		{2FA5C4DE-A61B-42C4-BD83-966BB22A0B57}.Debug|Any CPU.ActiveCfg = Debug|Any CPU
		{2FA5C4DE-A61B-42C4-BD83-966BB22A0B57}.Debug|Any CPU.Build.0 = Debug|Any CPU
		{2FA5C4DE-A61B-42C4-BD83-966BB22A0B57}.Release|Any CPU.ActiveCfg = Release|Any CPU
		{2FA5C4DE-A61B-42C4-BD83-966BB22A0B57}.Release|Any CPU.Build.0 = Release|Any CPU
		{0B84E7C2-5C60-412C-8605-246094C036C6}.Debug|Any CPU.ActiveCfg = Debug|Any CPU
		{0B84E7C2-5C60-412C-8605-246094C036C6}.Debug|Any CPU.Build.0 = Debug|Any CPU
		{0B84E7C2-5C60-412C-8605-246094C036C6}.Release|Any CPU.ActiveCfg = Release|Any CPU
		{0B84E7C2-5C60-412C-8605-246094C036C6}.Release|Any CPU.Build.0 = Release|Any CPU
		{D2A3C960-36E6-494C-BDB4-C1970B2E6330}.Debug|Any CPU.ActiveCfg = Debug|Any CPU
		{D2A3C960-36E6-494C-BDB4-C1970B2E6330}.Debug|Any CPU.Build.0 = Debug|Any CPU
		{D2A3C960-36E6-494C-BDB4-C1970B2E6330}.Release|Any CPU.ActiveCfg = Release|Any CPU
		{D2A3C960-36E6-494C-BDB4-C1970B2E6330}.Release|Any CPU.Build.0 = Release|Any CPU
		{86AF3EFC-A673-4FDA-8414-F4EA5FD73999}.Debug|Any CPU.ActiveCfg = Debug|Any CPU
		{86AF3EFC-A673-4FDA-8414-F4EA5FD73999}.Debug|Any CPU.Build.0 = Debug|Any CPU
		{86AF3EFC-A673-4FDA-8414-F4EA5FD73999}.Release|Any CPU.ActiveCfg = Release|Any CPU
		{86AF3EFC-A673-4FDA-8414-F4EA5FD73999}.Release|Any CPU.Build.0 = Release|Any CPU
		{A49F1AB8-7E92-4E66-A2E9-7A0130BCB4A3}.Debug|Any CPU.ActiveCfg = Debug|Any CPU
		{A49F1AB8-7E92-4E66-A2E9-7A0130BCB4A3}.Debug|Any CPU.Build.0 = Debug|Any CPU
		{A49F1AB8-7E92-4E66-A2E9-7A0130BCB4A3}.Release|Any CPU.ActiveCfg = Release|Any CPU
		{A49F1AB8-7E92-4E66-A2E9-7A0130BCB4A3}.Release|Any CPU.Build.0 = Release|Any CPU
		{47A1A80F-BD74-494C-B473-418D1C75E6A5}.Debug|Any CPU.ActiveCfg = Debug|Any CPU
		{47A1A80F-BD74-494C-B473-418D1C75E6A5}.Debug|Any CPU.Build.0 = Debug|Any CPU
		{47A1A80F-BD74-494C-B473-418D1C75E6A5}.Release|Any CPU.ActiveCfg = Release|Any CPU
		{47A1A80F-BD74-494C-B473-418D1C75E6A5}.Release|Any CPU.Build.0 = Release|Any CPU
	EndGlobalSection
	GlobalSection(SolutionProperties) = preSolution
		HideSolutionNode = FALSE
	EndGlobalSection
	GlobalSection(ExtensibilityGlobals) = postSolution
		SolutionGuid = {B807977A-3A9C-42C6-A52F-6C6F4658843D}
	EndGlobalSection
EndGlobal
