
Microsoft Visual Studio Solution File, Format Version 12.00
# Visual Studio Version 16
VisualStudioVersion = 16.0.30907.101
MinimumVisualStudioVersion = 10.0.40219.1
Project("{9A19103F-16F7-4668-BE54-9A1E7A4F7556}") = "01.Vehicles", "01.Vehicles\01.Vehicles.csproj", "{436EDF57-7C00-4356-8B5B-B20E55C09847}"
EndProject
Project("{FAE04EC0-301F-11D3-BF4B-00C04F79EFBC}") = "03.Raiding", "03.Raiding\03.Raiding.csproj", "{F6E8EA01-B1D0-41A9-8325-7FE65A318C1B}"
EndProject
Project("{FAE04EC0-301F-11D3-BF4B-00C04F79EFBC}") = "WildFarm", "WildFarm\WildFarm.csproj", "{0EEDC455-1C61-4050-B526-C4584C65B267}"
EndProject
Global
	GlobalSection(SolutionConfigurationPlatforms) = preSolution
		Debug|Any CPU = Debug|Any CPU
		Release|Any CPU = Release|Any CPU
	EndGlobalSection
	GlobalSection(ProjectConfigurationPlatforms) = postSolution
		{436EDF57-7C00-4356-8B5B-B20E55C09847}.Debug|Any CPU.ActiveCfg = Debug|Any CPU
		{436EDF57-7C00-4356-8B5B-B20E55C09847}.Debug|Any CPU.Build.0 = Debug|Any CPU
		{436EDF57-7C00-4356-8B5B-B20E55C09847}.Release|Any CPU.ActiveCfg = Release|Any CPU
		{436EDF57-7C00-4356-8B5B-B20E55C09847}.Release|Any CPU.Build.0 = Release|Any CPU
		{F6E8EA01-B1D0-41A9-8325-7FE65A318C1B}.Debug|Any CPU.ActiveCfg = Debug|Any CPU
		{F6E8EA01-B1D0-41A9-8325-7FE65A318C1B}.Debug|Any CPU.Build.0 = Debug|Any CPU
		{F6E8EA01-B1D0-41A9-8325-7FE65A318C1B}.Release|Any CPU.ActiveCfg = Release|Any CPU
		{F6E8EA01-B1D0-41A9-8325-7FE65A318C1B}.Release|Any CPU.Build.0 = Release|Any CPU
		{0EEDC455-1C61-4050-B526-C4584C65B267}.Debug|Any CPU.ActiveCfg = Debug|Any CPU
		{0EEDC455-1C61-4050-B526-C4584C65B267}.Debug|Any CPU.Build.0 = Debug|Any CPU
		{0EEDC455-1C61-4050-B526-C4584C65B267}.Release|Any CPU.ActiveCfg = Release|Any CPU
		{0EEDC455-1C61-4050-B526-C4584C65B267}.Release|Any CPU.Build.0 = Release|Any CPU
	EndGlobalSection
	GlobalSection(SolutionProperties) = preSolution
		HideSolutionNode = FALSE
	EndGlobalSection
	GlobalSection(ExtensibilityGlobals) = postSolution
		SolutionGuid = {A448A71D-057A-42F8-A9C0-E8D39B0362CB}
	EndGlobalSection
EndGlobal
