
Microsoft Visual Studio Solution File, Format Version 12.00
# Visual Studio Version 16
VisualStudioVersion = 16.0.30907.101
MinimumVisualStudioVersion = 10.0.40219.1
Project("{9A19103F-16F7-4668-BE54-9A1E7A4F7556}") = "01.DefiningClassPerson", "01.DefiningClassPerson\01.DefiningClassPerson.csproj", "{CF086333-AD4A-470D-A2E1-F67A4CDE7F16}"
EndProject
Project("{9A19103F-16F7-4668-BE54-9A1E7A4F7556}") = "07.RawDate", "07.RawDate\07.RawDate.csproj", "{728B010B-2858-420E-9F3C-A2582C0A77C6}"
EndProject
Project("{9A19103F-16F7-4668-BE54-9A1E7A4F7556}") = "04.PokemonTrainer", "04.PokemonTrainer\04.PokemonTrainer.csproj", "{AF18963A-CF85-4BBE-B8F3-A8F8C23F9F88}"
EndProject
Project("{FAE04EC0-301F-11D3-BF4B-00C04F79EFBC}") = "10.SoftUniParking", "10.SoftUniParking\10.SoftUniParking.csproj", "{E3974BDA-6EFB-4E81-9342-AF1EA430A83A}"
EndProject
Global
	GlobalSection(SolutionConfigurationPlatforms) = preSolution
		Debug|Any CPU = Debug|Any CPU
		Release|Any CPU = Release|Any CPU
	EndGlobalSection
	GlobalSection(ProjectConfigurationPlatforms) = postSolution
		{CF086333-AD4A-470D-A2E1-F67A4CDE7F16}.Debug|Any CPU.ActiveCfg = Debug|Any CPU
		{CF086333-AD4A-470D-A2E1-F67A4CDE7F16}.Debug|Any CPU.Build.0 = Debug|Any CPU
		{CF086333-AD4A-470D-A2E1-F67A4CDE7F16}.Release|Any CPU.ActiveCfg = Release|Any CPU
		{CF086333-AD4A-470D-A2E1-F67A4CDE7F16}.Release|Any CPU.Build.0 = Release|Any CPU
		{728B010B-2858-420E-9F3C-A2582C0A77C6}.Debug|Any CPU.ActiveCfg = Debug|Any CPU
		{728B010B-2858-420E-9F3C-A2582C0A77C6}.Debug|Any CPU.Build.0 = Debug|Any CPU
		{728B010B-2858-420E-9F3C-A2582C0A77C6}.Release|Any CPU.ActiveCfg = Release|Any CPU
		{728B010B-2858-420E-9F3C-A2582C0A77C6}.Release|Any CPU.Build.0 = Release|Any CPU
		{AF18963A-CF85-4BBE-B8F3-A8F8C23F9F88}.Debug|Any CPU.ActiveCfg = Debug|Any CPU
		{AF18963A-CF85-4BBE-B8F3-A8F8C23F9F88}.Debug|Any CPU.Build.0 = Debug|Any CPU
		{AF18963A-CF85-4BBE-B8F3-A8F8C23F9F88}.Release|Any CPU.ActiveCfg = Release|Any CPU
		{AF18963A-CF85-4BBE-B8F3-A8F8C23F9F88}.Release|Any CPU.Build.0 = Release|Any CPU
		{E3974BDA-6EFB-4E81-9342-AF1EA430A83A}.Debug|Any CPU.ActiveCfg = Debug|Any CPU
		{E3974BDA-6EFB-4E81-9342-AF1EA430A83A}.Debug|Any CPU.Build.0 = Debug|Any CPU
		{E3974BDA-6EFB-4E81-9342-AF1EA430A83A}.Release|Any CPU.ActiveCfg = Release|Any CPU
		{E3974BDA-6EFB-4E81-9342-AF1EA430A83A}.Release|Any CPU.Build.0 = Release|Any CPU
	EndGlobalSection
	GlobalSection(SolutionProperties) = preSolution
		HideSolutionNode = FALSE
	EndGlobalSection
	GlobalSection(ExtensibilityGlobals) = postSolution
		SolutionGuid = {3B70B2C6-717B-4977-A480-FDA8B7926B0C}
	EndGlobalSection
EndGlobal
