
Microsoft Visual Studio Solution File, Format Version 12.00
# Visual Studio Version 16
VisualStudioVersion = 16.0.30907.101
MinimumVisualStudioVersion = 10.0.40219.1
Project("{FAE04EC0-301F-11D3-BF4B-00C04F79EFBC}") = "BoxOfT", "BoxOfT\BoxOfT.csproj", "{B1B1F97D-6197-4C50-90ED-9529081777E9}"
EndProject
Project("{FAE04EC0-301F-11D3-BF4B-00C04F79EFBC}") = "GenericArrayCreator", "GenericArrayCreator\GenericArrayCreator.csproj", "{B4F183D7-508A-4D2F-9D52-1D11456A996E}"
EndProject
Project("{FAE04EC0-301F-11D3-BF4B-00C04F79EFBC}") = "GenericScale", "GenericScale\GenericScale.csproj", "{17A45A94-4FBD-4E2E-A263-338CED9A98D3}"
EndProject
Global
	GlobalSection(SolutionConfigurationPlatforms) = preSolution
		Debug|Any CPU = Debug|Any CPU
		Release|Any CPU = Release|Any CPU
	EndGlobalSection
	GlobalSection(ProjectConfigurationPlatforms) = postSolution
		{B1B1F97D-6197-4C50-90ED-9529081777E9}.Debug|Any CPU.ActiveCfg = Debug|Any CPU
		{B1B1F97D-6197-4C50-90ED-9529081777E9}.Debug|Any CPU.Build.0 = Debug|Any CPU
		{B1B1F97D-6197-4C50-90ED-9529081777E9}.Release|Any CPU.ActiveCfg = Release|Any CPU
		{B1B1F97D-6197-4C50-90ED-9529081777E9}.Release|Any CPU.Build.0 = Release|Any CPU
		{B4F183D7-508A-4D2F-9D52-1D11456A996E}.Debug|Any CPU.ActiveCfg = Debug|Any CPU
		{B4F183D7-508A-4D2F-9D52-1D11456A996E}.Debug|Any CPU.Build.0 = Debug|Any CPU
		{B4F183D7-508A-4D2F-9D52-1D11456A996E}.Release|Any CPU.ActiveCfg = Release|Any CPU
		{B4F183D7-508A-4D2F-9D52-1D11456A996E}.Release|Any CPU.Build.0 = Release|Any CPU
		{17A45A94-4FBD-4E2E-A263-338CED9A98D3}.Debug|Any CPU.ActiveCfg = Debug|Any CPU
		{17A45A94-4FBD-4E2E-A263-338CED9A98D3}.Debug|Any CPU.Build.0 = Debug|Any CPU
		{17A45A94-4FBD-4E2E-A263-338CED9A98D3}.Release|Any CPU.ActiveCfg = Release|Any CPU
		{17A45A94-4FBD-4E2E-A263-338CED9A98D3}.Release|Any CPU.Build.0 = Release|Any CPU
	EndGlobalSection
	GlobalSection(SolutionProperties) = preSolution
		HideSolutionNode = FALSE
	EndGlobalSection
	GlobalSection(ExtensibilityGlobals) = postSolution
		SolutionGuid = {E0D912C1-BE24-4573-9678-870D7233A64F}
	EndGlobalSection
EndGlobal
