
Microsoft Visual Studio Solution File, Format Version 12.00
# Visual Studio Version 16
VisualStudioVersion = 16.0.30907.101
MinimumVisualStudioVersion = 10.0.40219.1
Project("{9A19103F-16F7-4668-BE54-9A1E7A4F7556}") = "01.AdvertisementMessage", "01.AdvertisementMessage\01.AdvertisementMessage.csproj", "{22364920-31D4-44A4-89A4-89DE4D497606}"
EndProject
Project("{9A19103F-16F7-4668-BE54-9A1E7A4F7556}") = "02.Articles", "02.Articles\02.Articles.csproj", "{2EF123E3-12CC-4F90-8781-FC84F1EE6EC5}"
EndProject
Project("{9A19103F-16F7-4668-BE54-9A1E7A4F7556}") = "03.Articles2.0", "03.Articles2.0\03.Articles2.0.csproj", "{3D8877C2-A9A1-4BD9-AD46-FCE986D7FFC4}"
EndProject
Project("{9A19103F-16F7-4668-BE54-9A1E7A4F7556}") = "04.Students", "04.Students\04.Students.csproj", "{8122ADE3-7DB3-4F86-A5E6-F41FA688BDB0}"
EndProject
Project("{9A19103F-16F7-4668-BE54-9A1E7A4F7556}") = "05.TeamworkProject", "05.TeamworkProject\05.TeamworkProject.csproj", "{739EC20B-C655-449E-9058-0C1CDB7672CF}"
EndProject
Project("{9A19103F-16F7-4668-BE54-9A1E7A4F7556}") = "07.OrderByAge", "07.OrderByAge\07.OrderByAge.csproj", "{B3D4AF68-7EEF-4C3E-AF3E-A4B292BB8CD7}"
EndProject
Project("{FAE04EC0-301F-11D3-BF4B-00C04F79EFBC}") = "06.VehicleCatalogue", "06.VehicleCatalogue\06.VehicleCatalogue.csproj", "{072EDCD2-E289-46DA-9A4D-F76752AA79CF}"
EndProject
Global
	GlobalSection(SolutionConfigurationPlatforms) = preSolution
		Debug|Any CPU = Debug|Any CPU
		Release|Any CPU = Release|Any CPU
	EndGlobalSection
	GlobalSection(ProjectConfigurationPlatforms) = postSolution
		{22364920-31D4-44A4-89A4-89DE4D497606}.Debug|Any CPU.ActiveCfg = Debug|Any CPU
		{22364920-31D4-44A4-89A4-89DE4D497606}.Debug|Any CPU.Build.0 = Debug|Any CPU
		{22364920-31D4-44A4-89A4-89DE4D497606}.Release|Any CPU.ActiveCfg = Release|Any CPU
		{22364920-31D4-44A4-89A4-89DE4D497606}.Release|Any CPU.Build.0 = Release|Any CPU
		{2EF123E3-12CC-4F90-8781-FC84F1EE6EC5}.Debug|Any CPU.ActiveCfg = Debug|Any CPU
		{2EF123E3-12CC-4F90-8781-FC84F1EE6EC5}.Debug|Any CPU.Build.0 = Debug|Any CPU
		{2EF123E3-12CC-4F90-8781-FC84F1EE6EC5}.Release|Any CPU.ActiveCfg = Release|Any CPU
		{2EF123E3-12CC-4F90-8781-FC84F1EE6EC5}.Release|Any CPU.Build.0 = Release|Any CPU
		{3D8877C2-A9A1-4BD9-AD46-FCE986D7FFC4}.Debug|Any CPU.ActiveCfg = Debug|Any CPU
		{3D8877C2-A9A1-4BD9-AD46-FCE986D7FFC4}.Debug|Any CPU.Build.0 = Debug|Any CPU
		{3D8877C2-A9A1-4BD9-AD46-FCE986D7FFC4}.Release|Any CPU.ActiveCfg = Release|Any CPU
		{3D8877C2-A9A1-4BD9-AD46-FCE986D7FFC4}.Release|Any CPU.Build.0 = Release|Any CPU
		{8122ADE3-7DB3-4F86-A5E6-F41FA688BDB0}.Debug|Any CPU.ActiveCfg = Debug|Any CPU
		{8122ADE3-7DB3-4F86-A5E6-F41FA688BDB0}.Debug|Any CPU.Build.0 = Debug|Any CPU
		{8122ADE3-7DB3-4F86-A5E6-F41FA688BDB0}.Release|Any CPU.ActiveCfg = Release|Any CPU
		{8122ADE3-7DB3-4F86-A5E6-F41FA688BDB0}.Release|Any CPU.Build.0 = Release|Any CPU
		{739EC20B-C655-449E-9058-0C1CDB7672CF}.Debug|Any CPU.ActiveCfg = Debug|Any CPU
		{739EC20B-C655-449E-9058-0C1CDB7672CF}.Debug|Any CPU.Build.0 = Debug|Any CPU
		{739EC20B-C655-449E-9058-0C1CDB7672CF}.Release|Any CPU.ActiveCfg = Release|Any CPU
		{739EC20B-C655-449E-9058-0C1CDB7672CF}.Release|Any CPU.Build.0 = Release|Any CPU
		{B3D4AF68-7EEF-4C3E-AF3E-A4B292BB8CD7}.Debug|Any CPU.ActiveCfg = Debug|Any CPU
		{B3D4AF68-7EEF-4C3E-AF3E-A4B292BB8CD7}.Debug|Any CPU.Build.0 = Debug|Any CPU
		{B3D4AF68-7EEF-4C3E-AF3E-A4B292BB8CD7}.Release|Any CPU.ActiveCfg = Release|Any CPU
		{B3D4AF68-7EEF-4C3E-AF3E-A4B292BB8CD7}.Release|Any CPU.Build.0 = Release|Any CPU
		{072EDCD2-E289-46DA-9A4D-F76752AA79CF}.Debug|Any CPU.ActiveCfg = Debug|Any CPU
		{072EDCD2-E289-46DA-9A4D-F76752AA79CF}.Debug|Any CPU.Build.0 = Debug|Any CPU
		{072EDCD2-E289-46DA-9A4D-F76752AA79CF}.Release|Any CPU.ActiveCfg = Release|Any CPU
		{072EDCD2-E289-46DA-9A4D-F76752AA79CF}.Release|Any CPU.Build.0 = Release|Any CPU
	EndGlobalSection
	GlobalSection(SolutionProperties) = preSolution
		HideSolutionNode = FALSE
	EndGlobalSection
	GlobalSection(ExtensibilityGlobals) = postSolution
		SolutionGuid = {552F1BC6-C1B3-43D2-90E4-759572C2AEAA}
	EndGlobalSection
EndGlobal
