
Microsoft Visual Studio Solution File, Format Version 12.00
# Visual Studio Version 16
VisualStudioVersion = 16.0.30907.101
MinimumVisualStudioVersion = 10.0.40219.1
Project("{9A19103F-16F7-4668-BE54-9A1E7A4F7556}") = "01.ReverseStrings", "01.ReverseStrings\01.ReverseStrings.csproj", "{89B9D1E2-E4DE-4195-A319-AB1419FE5605}"
EndProject
Project("{9A19103F-16F7-4668-BE54-9A1E7A4F7556}") = "02.RepeatStrings", "02.RepeatStrings\02.RepeatStrings.csproj", "{61B4983C-381E-4FB7-AF6E-6BAE0CD5DED3}"
EndProject
Project("{9A19103F-16F7-4668-BE54-9A1E7A4F7556}") = "03.Substring", "03.Substring\03.Substring.csproj", "{6085DE76-F0E7-41DF-9167-4C6E267789B1}"
EndProject
Project("{9A19103F-16F7-4668-BE54-9A1E7A4F7556}") = "04.TextFilter", "04.TextFilter\04.TextFilter.csproj", "{7A722B96-C8D7-4C29-8E28-A68017FB4161}"
EndProject
Project("{FAE04EC0-301F-11D3-BF4B-00C04F79EFBC}") = "05.Digits,LettersAndOthers", "05.Digits,LettersAndOthers\05.Digits,LettersAndOthers.csproj", "{07D8F5CB-4EEB-4614-B035-8180AA72599C}"
EndProject
Global
	GlobalSection(SolutionConfigurationPlatforms) = preSolution
		Debug|Any CPU = Debug|Any CPU
		Release|Any CPU = Release|Any CPU
	EndGlobalSection
	GlobalSection(ProjectConfigurationPlatforms) = postSolution
		{89B9D1E2-E4DE-4195-A319-AB1419FE5605}.Debug|Any CPU.ActiveCfg = Debug|Any CPU
		{89B9D1E2-E4DE-4195-A319-AB1419FE5605}.Debug|Any CPU.Build.0 = Debug|Any CPU
		{89B9D1E2-E4DE-4195-A319-AB1419FE5605}.Release|Any CPU.ActiveCfg = Release|Any CPU
		{89B9D1E2-E4DE-4195-A319-AB1419FE5605}.Release|Any CPU.Build.0 = Release|Any CPU
		{61B4983C-381E-4FB7-AF6E-6BAE0CD5DED3}.Debug|Any CPU.ActiveCfg = Debug|Any CPU
		{61B4983C-381E-4FB7-AF6E-6BAE0CD5DED3}.Debug|Any CPU.Build.0 = Debug|Any CPU
		{61B4983C-381E-4FB7-AF6E-6BAE0CD5DED3}.Release|Any CPU.ActiveCfg = Release|Any CPU
		{61B4983C-381E-4FB7-AF6E-6BAE0CD5DED3}.Release|Any CPU.Build.0 = Release|Any CPU
		{6085DE76-F0E7-41DF-9167-4C6E267789B1}.Debug|Any CPU.ActiveCfg = Debug|Any CPU
		{6085DE76-F0E7-41DF-9167-4C6E267789B1}.Debug|Any CPU.Build.0 = Debug|Any CPU
		{6085DE76-F0E7-41DF-9167-4C6E267789B1}.Release|Any CPU.ActiveCfg = Release|Any CPU
		{6085DE76-F0E7-41DF-9167-4C6E267789B1}.Release|Any CPU.Build.0 = Release|Any CPU
		{7A722B96-C8D7-4C29-8E28-A68017FB4161}.Debug|Any CPU.ActiveCfg = Debug|Any CPU
		{7A722B96-C8D7-4C29-8E28-A68017FB4161}.Debug|Any CPU.Build.0 = Debug|Any CPU
		{7A722B96-C8D7-4C29-8E28-A68017FB4161}.Release|Any CPU.ActiveCfg = Release|Any CPU
		{7A722B96-C8D7-4C29-8E28-A68017FB4161}.Release|Any CPU.Build.0 = Release|Any CPU
		{07D8F5CB-4EEB-4614-B035-8180AA72599C}.Debug|Any CPU.ActiveCfg = Debug|Any CPU
		{07D8F5CB-4EEB-4614-B035-8180AA72599C}.Debug|Any CPU.Build.0 = Debug|Any CPU
		{07D8F5CB-4EEB-4614-B035-8180AA72599C}.Release|Any CPU.ActiveCfg = Release|Any CPU
		{07D8F5CB-4EEB-4614-B035-8180AA72599C}.Release|Any CPU.Build.0 = Release|Any CPU
	EndGlobalSection
	GlobalSection(SolutionProperties) = preSolution
		HideSolutionNode = FALSE
	EndGlobalSection
	GlobalSection(ExtensibilityGlobals) = postSolution
		SolutionGuid = {E559F923-9ECB-4671-A8A4-59E12051469C}
	EndGlobalSection
EndGlobal
